
Microsoft Visual Studio Solution File, Format Version 12.00
# Visual Studio Version 16
VisualStudioVersion = 16.0.31313.79
MinimumVisualStudioVersion = 10.0.40219.1
Project("{FAE04EC0-301F-11D3-BF4B-00C04F79EFBC}") = "StackExercise", "StackExercise\StackExercise.csproj", "{F2A8F779-8464-45C8-9BE4-111A96DC3190}"
EndProject
Global
	GlobalSection(SolutionConfigurationPlatforms) = preSolution
		Debug|Any CPU = Debug|Any CPU
		Release|Any CPU = Release|Any CPU
	EndGlobalSection
	GlobalSection(ProjectConfigurationPlatforms) = postSolution
		{F2A8F779-8464-45C8-9BE4-111A96DC3190}.Debug|Any CPU.ActiveCfg = Debug|Any CPU
		{F2A8F779-8464-45C8-9BE4-111A96DC3190}.Debug|Any CPU.Build.0 = Debug|Any CPU
		{F2A8F779-8464-45C8-9BE4-111A96DC3190}.Release|Any CPU.ActiveCfg = Release|Any CPU
		{F2A8F779-8464-45C8-9BE4-111A96DC3190}.Release|Any CPU.Build.0 = Release|Any CPU
	EndGlobalSection
	GlobalSection(SolutionProperties) = preSolution
		HideSolutionNode = FALSE
	EndGlobalSection
	GlobalSection(ExtensibilityGlobals) = postSolution
		SolutionGuid = {BC9979B0-8A7F-4A74-AC53-3A94EEE27730}
	EndGlobalSection
EndGlobal
