
Microsoft Visual Studio Solution File, Format Version 12.00
# Visual Studio Version 16
VisualStudioVersion = 16.0.31313.79
MinimumVisualStudioVersion = 10.0.40219.1
Project("{FAE04EC0-301F-11D3-BF4B-00C04F79EFBC}") = "D01_MethodOverriding", "D01_MethodOverriding\D01_MethodOverriding.csproj", "{06AA82FD-5601-43C7-9D08-A17E3FAE9223}"
EndProject
Project("{FAE04EC0-301F-11D3-BF4B-00C04F79EFBC}") = "D02_AbstractClass", "D02_AbstractClass\D02_AbstractClass.csproj", "{8CBA28E0-EED8-47A5-AE29-B00FE93B60E9}"
EndProject
Project("{FAE04EC0-301F-11D3-BF4B-00C04F79EFBC}") = "D03_SealedClasses", "D03_SealedClasses\D03_SealedClasses.csproj", "{31A08173-77B3-4009-A9F1-1018549594C8}"
EndProject
Global
	GlobalSection(SolutionConfigurationPlatforms) = preSolution
		Debug|Any CPU = Debug|Any CPU
		Release|Any CPU = Release|Any CPU
	EndGlobalSection
	GlobalSection(ProjectConfigurationPlatforms) = postSolution
		{06AA82FD-5601-43C7-9D08-A17E3FAE9223}.Debug|Any CPU.ActiveCfg = Debug|Any CPU
		{06AA82FD-5601-43C7-9D08-A17E3FAE9223}.Debug|Any CPU.Build.0 = Debug|Any CPU
		{06AA82FD-5601-43C7-9D08-A17E3FAE9223}.Release|Any CPU.ActiveCfg = Release|Any CPU
		{06AA82FD-5601-43C7-9D08-A17E3FAE9223}.Release|Any CPU.Build.0 = Release|Any CPU
		{8CBA28E0-EED8-47A5-AE29-B00FE93B60E9}.Debug|Any CPU.ActiveCfg = Debug|Any CPU
		{8CBA28E0-EED8-47A5-AE29-B00FE93B60E9}.Debug|Any CPU.Build.0 = Debug|Any CPU
		{8CBA28E0-EED8-47A5-AE29-B00FE93B60E9}.Release|Any CPU.ActiveCfg = Release|Any CPU
		{8CBA28E0-EED8-47A5-AE29-B00FE93B60E9}.Release|Any CPU.Build.0 = Release|Any CPU
		{31A08173-77B3-4009-A9F1-1018549594C8}.Debug|Any CPU.ActiveCfg = Debug|Any CPU
		{31A08173-77B3-4009-A9F1-1018549594C8}.Debug|Any CPU.Build.0 = Debug|Any CPU
		{31A08173-77B3-4009-A9F1-1018549594C8}.Release|Any CPU.ActiveCfg = Release|Any CPU
		{31A08173-77B3-4009-A9F1-1018549594C8}.Release|Any CPU.Build.0 = Release|Any CPU
	EndGlobalSection
	GlobalSection(SolutionProperties) = preSolution
		HideSolutionNode = FALSE
	EndGlobalSection
	GlobalSection(ExtensibilityGlobals) = postSolution
		SolutionGuid = {36B7760B-C8F3-4757-BFC4-7D3EB585B462}
	EndGlobalSection
EndGlobal
