
Microsoft Visual Studio Solution File, Format Version 12.00
# Visual Studio Version 16
VisualStudioVersion = 16.0.31313.79
MinimumVisualStudioVersion = 10.0.40219.1
Project("{FAE04EC0-301F-11D3-BF4B-00C04F79EFBC}") = "D01_AccessModifiers", "D01_AccessModifiers\D01_AccessModifiers.csproj", "{A16E17CC-16BE-49F2-8960-E9D022430E8D}"
EndProject
Project("{FAE04EC0-301F-11D3-BF4B-00C04F79EFBC}") = "Amazon", "Amazon\Amazon.csproj", "{9060DEDA-1EDF-4D5C-B5C2-D04C125BD801}"
EndProject
Project("{FAE04EC0-301F-11D3-BF4B-00C04F79EFBC}") = "D02_ConstructionAndInheritance", "D02_ConstructionAndInheritance\D02_ConstructionAndInheritance.csproj", "{2C5E0D1F-35C8-4E0B-8B06-DDAB483B709A}"
EndProject
Project("{FAE04EC0-301F-11D3-BF4B-00C04F79EFBC}") = "D03_UpCastingAndDownCasting", "D03_UpCastingAndDownCasting\D03_UpCastingAndDownCasting.csproj", "{4E3A9955-3206-4810-9ABE-890C48F3080F}"
EndProject
Project("{FAE04EC0-301F-11D3-BF4B-00C04F79EFBC}") = "WPFApp", "WPFApp\WPFApp.csproj", "{D7678574-0724-4DC4-8310-C1DC9D886910}"
EndProject
Project("{FAE04EC0-301F-11D3-BF4B-00C04F79EFBC}") = "D04_BoxingUnboxing", "D04_BoxingUnboxing\D04_BoxingUnboxing.csproj", "{F2F3FEA2-B61D-433B-AA08-DEC5D855721C}"
EndProject
Global
	GlobalSection(SolutionConfigurationPlatforms) = preSolution
		Debug|Any CPU = Debug|Any CPU
		Release|Any CPU = Release|Any CPU
	EndGlobalSection
	GlobalSection(ProjectConfigurationPlatforms) = postSolution
		{A16E17CC-16BE-49F2-8960-E9D022430E8D}.Debug|Any CPU.ActiveCfg = Debug|Any CPU
		{A16E17CC-16BE-49F2-8960-E9D022430E8D}.Debug|Any CPU.Build.0 = Debug|Any CPU
		{A16E17CC-16BE-49F2-8960-E9D022430E8D}.Release|Any CPU.ActiveCfg = Release|Any CPU
		{A16E17CC-16BE-49F2-8960-E9D022430E8D}.Release|Any CPU.Build.0 = Release|Any CPU
		{9060DEDA-1EDF-4D5C-B5C2-D04C125BD801}.Debug|Any CPU.ActiveCfg = Debug|Any CPU
		{9060DEDA-1EDF-4D5C-B5C2-D04C125BD801}.Debug|Any CPU.Build.0 = Debug|Any CPU
		{9060DEDA-1EDF-4D5C-B5C2-D04C125BD801}.Release|Any CPU.ActiveCfg = Release|Any CPU
		{9060DEDA-1EDF-4D5C-B5C2-D04C125BD801}.Release|Any CPU.Build.0 = Release|Any CPU
		{2C5E0D1F-35C8-4E0B-8B06-DDAB483B709A}.Debug|Any CPU.ActiveCfg = Debug|Any CPU
		{2C5E0D1F-35C8-4E0B-8B06-DDAB483B709A}.Debug|Any CPU.Build.0 = Debug|Any CPU
		{2C5E0D1F-35C8-4E0B-8B06-DDAB483B709A}.Release|Any CPU.ActiveCfg = Release|Any CPU
		{2C5E0D1F-35C8-4E0B-8B06-DDAB483B709A}.Release|Any CPU.Build.0 = Release|Any CPU
		{4E3A9955-3206-4810-9ABE-890C48F3080F}.Debug|Any CPU.ActiveCfg = Debug|Any CPU
		{4E3A9955-3206-4810-9ABE-890C48F3080F}.Debug|Any CPU.Build.0 = Debug|Any CPU
		{4E3A9955-3206-4810-9ABE-890C48F3080F}.Release|Any CPU.ActiveCfg = Release|Any CPU
		{4E3A9955-3206-4810-9ABE-890C48F3080F}.Release|Any CPU.Build.0 = Release|Any CPU
		{D7678574-0724-4DC4-8310-C1DC9D886910}.Debug|Any CPU.ActiveCfg = Debug|Any CPU
		{D7678574-0724-4DC4-8310-C1DC9D886910}.Debug|Any CPU.Build.0 = Debug|Any CPU
		{D7678574-0724-4DC4-8310-C1DC9D886910}.Release|Any CPU.ActiveCfg = Release|Any CPU
		{D7678574-0724-4DC4-8310-C1DC9D886910}.Release|Any CPU.Build.0 = Release|Any CPU
		{F2F3FEA2-B61D-433B-AA08-DEC5D855721C}.Debug|Any CPU.ActiveCfg = Debug|Any CPU
		{F2F3FEA2-B61D-433B-AA08-DEC5D855721C}.Debug|Any CPU.Build.0 = Debug|Any CPU
		{F2F3FEA2-B61D-433B-AA08-DEC5D855721C}.Release|Any CPU.ActiveCfg = Release|Any CPU
		{F2F3FEA2-B61D-433B-AA08-DEC5D855721C}.Release|Any CPU.Build.0 = Release|Any CPU
	EndGlobalSection
	GlobalSection(SolutionProperties) = preSolution
		HideSolutionNode = FALSE
	EndGlobalSection
	GlobalSection(ExtensibilityGlobals) = postSolution
		SolutionGuid = {923C3CA8-FBAD-4CA0-8296-9A1F34CB8456}
	EndGlobalSection
EndGlobal
