
Microsoft Visual Studio Solution File, Format Version 12.00
# Visual Studio Version 16
VisualStudioVersion = 16.0.31313.79
MinimumVisualStudioVersion = 10.0.40219.1
Project("{FAE04EC0-301F-11D3-BF4B-00C04F79EFBC}") = "D01_AccessModifiers", "D01_AccessModifiers\D01_AccessModifiers.csproj", "{A16E17CC-16BE-49F2-8960-E9D022430E8D}"
EndProject
Project("{FAE04EC0-301F-11D3-BF4B-00C04F79EFBC}") = "Amazon", "Amazon\Amazon.csproj", "{9060DEDA-1EDF-4D5C-B5C2-D04C125BD801}"
EndProject
Global
	GlobalSection(SolutionConfigurationPlatforms) = preSolution
		Debug|Any CPU = Debug|Any CPU
		Release|Any CPU = Release|Any CPU
	EndGlobalSection
	GlobalSection(ProjectConfigurationPlatforms) = postSolution
		{A16E17CC-16BE-49F2-8960-E9D022430E8D}.Debug|Any CPU.ActiveCfg = Debug|Any CPU
		{A16E17CC-16BE-49F2-8960-E9D022430E8D}.Debug|Any CPU.Build.0 = Debug|Any CPU
		{A16E17CC-16BE-49F2-8960-E9D022430E8D}.Release|Any CPU.ActiveCfg = Release|Any CPU
		{A16E17CC-16BE-49F2-8960-E9D022430E8D}.Release|Any CPU.Build.0 = Release|Any CPU
		{9060DEDA-1EDF-4D5C-B5C2-D04C125BD801}.Debug|Any CPU.ActiveCfg = Debug|Any CPU
		{9060DEDA-1EDF-4D5C-B5C2-D04C125BD801}.Debug|Any CPU.Build.0 = Debug|Any CPU
		{9060DEDA-1EDF-4D5C-B5C2-D04C125BD801}.Release|Any CPU.ActiveCfg = Release|Any CPU
		{9060DEDA-1EDF-4D5C-B5C2-D04C125BD801}.Release|Any CPU.Build.0 = Release|Any CPU
	EndGlobalSection
	GlobalSection(SolutionProperties) = preSolution
		HideSolutionNode = FALSE
	EndGlobalSection
	GlobalSection(ExtensibilityGlobals) = postSolution
		SolutionGuid = {923C3CA8-FBAD-4CA0-8296-9A1F34CB8456}
	EndGlobalSection
EndGlobal
